<?xml version="1.0" encoding="utf-8"?>
<Project ToolsVersion="4.0" xmlns="http://schemas.microsoft.com/developer/msbuild/2003">
  <ItemGroup>
    <Filter Include="Octo">
      <UniqueIdentifier>{FA158A7C-E64C-8B0D-8F39-71107B4F070F}</UniqueIdentifier>
    </Filter>
  </ItemGroup>
  <ItemGroup>
    <ClInclude Include="src\Octo.h" />
    <ClInclude Include="src\Octo\Application.h">
      <Filter>Octo</Filter>
    </ClInclude>
    <ClInclude Include="src\Octo\Core.h">
      <Filter>Octo</Filter>
    </ClInclude>
    <ClInclude Include="src\Octo\EntryPoint.h">
      <Filter>Octo</Filter>
    </ClInclude>
    <ClInclude Include="src\Octo\Log.h">
      <Filter>Octo</Filter>
    </ClInclude>
  </ItemGroup>
  <ItemGroup>
    <ClCompile Include="src\Octo\Application.cpp">
      <Filter>Octo</Filter>
    </ClCompile>
    <ClCompile Include="src\Octo\Log.cpp">
      <Filter>Octo</Filter>
    </ClCompile>
  </ItemGroup>
</Project>